
Microsoft Visual Studio Solution File, Format Version 12.00
# Visual Studio 15
VisualStudioVersion = 15.0.26730.15
MinimumVisualStudioVersion = 10.0.40219.1
Project("{FAE04EC0-301F-11D3-BF4B-00C04F79EFBC}") = "MineSweeperKata", "MineSweeperKata\MineSweeperKata.csproj", "{9B3FD582-6127-47B8-838A-FE71C90E26C4}"
EndProject
Project("{FAE04EC0-301F-11D3-BF4B-00C04F79EFBC}") = "MineSweeperKata.Spec", "MineSweeperKata.Spec\MineSweeperKata.Spec.csproj", "{0B6632FE-0EC9-4B83-8AE5-517071A11ED6}"
EndProject
Global
	GlobalSection(SolutionConfigurationPlatforms) = preSolution
		Debug|Any CPU = Debug|Any CPU
		Release|Any CPU = Release|Any CPU
	EndGlobalSection
	GlobalSection(ProjectConfigurationPlatforms) = postSolution
		{9B3FD582-6127-47B8-838A-FE71C90E26C4}.Debug|Any CPU.ActiveCfg = Debug|Any CPU
		{9B3FD582-6127-47B8-838A-FE71C90E26C4}.Debug|Any CPU.Build.0 = Debug|Any CPU
		{9B3FD582-6127-47B8-838A-FE71C90E26C4}.Release|Any CPU.ActiveCfg = Release|Any CPU
		{9B3FD582-6127-47B8-838A-FE71C90E26C4}.Release|Any CPU.Build.0 = Release|Any CPU
		{0B6632FE-0EC9-4B83-8AE5-517071A11ED6}.Debug|Any CPU.ActiveCfg = Debug|Any CPU
		{0B6632FE-0EC9-4B83-8AE5-517071A11ED6}.Debug|Any CPU.Build.0 = Debug|Any CPU
		{0B6632FE-0EC9-4B83-8AE5-517071A11ED6}.Release|Any CPU.ActiveCfg = Release|Any CPU
		{0B6632FE-0EC9-4B83-8AE5-517071A11ED6}.Release|Any CPU.Build.0 = Release|Any CPU
	EndGlobalSection
	GlobalSection(SolutionProperties) = preSolution
		HideSolutionNode = FALSE
	EndGlobalSection
	GlobalSection(ExtensibilityGlobals) = postSolution
		SolutionGuid = {14D61373-1185-4DC0-8D39-F99B774946A4}
	EndGlobalSection
EndGlobal
